// !$*UTF8*$!
{
	archiveVersion = 1;
	classes = {
	};
	objectVersion = 46;
	objects = {

/* Begin PBXBuildFile section */
		382D9BBA993742888B3908E6 /* Pods_realTumblrFeed.framework in Frameworks */ = {isa = PBXBuildFile; fileRef = C03DAD8F802B3E542C5811C2 /* Pods_realTumblrFeed.framework */; };
		4B01D3161E2E980100486E15 /* Date+offset.swift in Sources */ = {isa = PBXBuildFile; fileRef = 4B01D3151E2E980100486E15 /* Date+offset.swift */; };
		4B2585F71E2E9EFC006F4FAF /* PhotoDetailsViewController.swift in Sources */ = {isa = PBXBuildFile; fileRef = 4B2585F61E2E9EFC006F4FAF /* PhotoDetailsViewController.swift */; };
		4B5D57801E31839E00704780 /* InfiniteScrollActivityView.swift in Sources */ = {isa = PBXBuildFile; fileRef = 4B5D577F1E31839E00704780 /* InfiniteScrollActivityView.swift */; };
		4B75BEF31E2D951000A689F1 /* PhotosViewController.swift in Sources */ = {isa = PBXBuildFile; fileRef = 4B75BEF21E2D951000A689F1 /* PhotosViewController.swift */; };
		4B75BEF51E2D9FBC00A689F1 /* PhotoCell.swift in Sources */ = {isa = PBXBuildFile; fileRef = 4B75BEF41E2D9FBC00A689F1 /* PhotoCell.swift */; };
		4BB5C9C21E2B3B3E006EACA2 /* AppDelegate.swift in Sources */ = {isa = PBXBuildFile; fileRef = 4BB5C9C11E2B3B3E006EACA2 /* AppDelegate.swift */; };
		4BB5C9C71E2B3B3E006EACA2 /* Main.storyboard in Resources */ = {isa = PBXBuildFile; fileRef = 4BB5C9C51E2B3B3E006EACA2 /* Main.storyboard */; };
		4BB5C9C91E2B3B3E006EACA2 /* Assets.xcassets in Resources */ = {isa = PBXBuildFile; fileRef = 4BB5C9C81E2B3B3E006EACA2 /* Assets.xcassets */; };
		4BB5C9CC1E2B3B3E006EACA2 /* LaunchScreen.storyboard in Resources */ = {isa = PBXBuildFile; fileRef = 4BB5C9CA1E2B3B3E006EACA2 /* LaunchScreen.storyboard */; };
/* End PBXBuildFile section */

/* Begin PBXFileReference section */
		16CB392FCA91D3B0135B761F /* Pods-realTumblrFeed.release.xcconfig */ = {isa = PBXFileReference; includeInIndex = 1; lastKnownFileType = text.xcconfig; name = "Pods-realTumblrFeed.release.xcconfig"; path = "Pods/Target Support Files/Pods-realTumblrFeed/Pods-realTumblrFeed.release.xcconfig"; sourceTree = "<group>"; };
		4B01D3151E2E980100486E15 /* Date+offset.swift */ = {isa = PBXFileReference; fileEncoding = 4; lastKnownFileType = sourcecode.swift; path = "Date+offset.swift"; sourceTree = "<group>"; };
		4B2585F61E2E9EFC006F4FAF /* PhotoDetailsViewController.swift */ = {isa = PBXFileReference; fileEncoding = 4; lastKnownFileType = sourcecode.swift; path = PhotoDetailsViewController.swift; sourceTree = "<group>"; };
		4B5D577F1E31839E00704780 /* InfiniteScrollActivityView.swift */ = {isa = PBXFileReference; fileEncoding = 4; lastKnownFileType = sourcecode.swift; path = InfiniteScrollActivityView.swift; sourceTree = "<group>"; };
		4B75BEF21E2D951000A689F1 /* PhotosViewController.swift */ = {isa = PBXFileReference; fileEncoding = 4; lastKnownFileType = sourcecode.swift; path = PhotosViewController.swift; sourceTree = "<group>"; };
		4B75BEF41E2D9FBC00A689F1 /* PhotoCell.swift */ = {isa = PBXFileReference; fileEncoding = 4; lastKnownFileType = sourcecode.swift; path = PhotoCell.swift; sourceTree = "<group>"; };
		4BB5C9BE1E2B3B3E006EACA2 /* realTumblrFeed.app */ = {isa = PBXFileReference; explicitFileType = wrapper.application; includeInIndex = 0; path = realTumblrFeed.app; sourceTree = BUILT_PRODUCTS_DIR; };
		4BB5C9C11E2B3B3E006EACA2 /* AppDelegate.swift */ = {isa = PBXFileReference; lastKnownFileType = sourcecode.swift; path = AppDelegate.swift; sourceTree = "<group>"; };
		4BB5C9C61E2B3B3E006EACA2 /* Base */ = {isa = PBXFileReference; lastKnownFileType = file.storyboard; name = Base; path = Base.lproj/Main.storyboard; sourceTree = "<group>"; };
		4BB5C9C81E2B3B3E006EACA2 /* Assets.xcassets */ = {isa = PBXFileReference; lastKnownFileType = folder.assetcatalog; path = Assets.xcassets; sourceTree = "<group>"; };
		4BB5C9CB1E2B3B3E006EACA2 /* Base */ = {isa = PBXFileReference; lastKnownFileType = file.storyboard; name = Base; path = Base.lproj/LaunchScreen.storyboard; sourceTree = "<group>"; };
		4BB5C9CD1E2B3B3E006EACA2 /* Info.plist */ = {isa = PBXFileReference; lastKnownFileType = text.plist.xml; path = Info.plist; sourceTree = "<group>"; };
		C03DAD8F802B3E542C5811C2 /* Pods_realTumblrFeed.framework */ = {isa = PBXFileReference; explicitFileType = wrapper.framework; includeInIndex = 0; path = Pods_realTumblrFeed.framework; sourceTree = BUILT_PRODUCTS_DIR; };
		E6F34C8CB7AB642325C21505 /* Pods-realTumblrFeed.debug.xcconfig */ = {isa = PBXFileReference; includeInIndex = 1; lastKnownFileType = text.xcconfig; name = "Pods-realTumblrFeed.debug.xcconfig"; path = "Pods/Target Support Files/Pods-realTumblrFeed/Pods-realTumblrFeed.debug.xcconfig"; sourceTree = "<group>"; };
/* End PBXFileReference section */

/* Begin PBXFrameworksBuildPhase section */
		4BB5C9BB1E2B3B3E006EACA2 /* Frameworks */ = {
			isa = PBXFrameworksBuildPhase;
			buildActionMask = 2147483647;
			files = (
				382D9BBA993742888B3908E6 /* Pods_realTumblrFeed.framework in Frameworks */,
			);
			runOnlyForDeploymentPostprocessing = 0;
		};
/* End PBXFrameworksBuildPhase section */

/* Begin PBXGroup section */
		27F80CCB04D74CE0099E594B /* Pods */ = {
			isa = PBXGroup;
			children = (
				E6F34C8CB7AB642325C21505 /* Pods-realTumblrFeed.debug.xcconfig */,
				16CB392FCA91D3B0135B761F /* Pods-realTumblrFeed.release.xcconfig */,
			);
			name = Pods;
			sourceTree = "<group>";
		};
		4BB5C9B51E2B3B3E006EACA2 = {
			isa = PBXGroup;
			children = (
				4BB5C9C01E2B3B3E006EACA2 /* realTumblrFeed */,
				4BB5C9BF1E2B3B3E006EACA2 /* Products */,
				27F80CCB04D74CE0099E594B /* Pods */,
				57CAC1738C124B2FE227E8C7 /* Frameworks */,
			);
			sourceTree = "<group>";
		};
		4BB5C9BF1E2B3B3E006EACA2 /* Products */ = {
			isa = PBXGroup;
			children = (
				4BB5C9BE1E2B3B3E006EACA2 /* realTumblrFeed.app */,
			);
			name = Products;
			sourceTree = "<group>";
		};
		4BB5C9C01E2B3B3E006EACA2 /* realTumblrFeed */ = {
			isa = PBXGroup;
			children = (
				4BB5C9C11E2B3B3E006EACA2 /* AppDelegate.swift */,
				4BB5C9C51E2B3B3E006EACA2 /* Main.storyboard */,
				4BB5C9C81E2B3B3E006EACA2 /* Assets.xcassets */,
				4BB5C9CA1E2B3B3E006EACA2 /* LaunchScreen.storyboard */,
				4BB5C9CD1E2B3B3E006EACA2 /* Info.plist */,
				4B75BEF21E2D951000A689F1 /* PhotosViewController.swift */,
				4B75BEF41E2D9FBC00A689F1 /* PhotoCell.swift */,
				4B01D3151E2E980100486E15 /* Date+offset.swift */,
				4B2585F61E2E9EFC006F4FAF /* PhotoDetailsViewController.swift */,
				4B5D577F1E31839E00704780 /* InfiniteScrollActivityView.swift */,
			);
			path = realTumblrFeed;
			sourceTree = "<group>";
		};
		57CAC1738C124B2FE227E8C7 /* Frameworks */ = {
			isa = PBXGroup;
			children = (
				C03DAD8F802B3E542C5811C2 /* Pods_realTumblrFeed.framework */,
			);
			name = Frameworks;
			sourceTree = "<group>";
		};
/* End PBXGroup section */

/* Begin PBXNativeTarget section */
		4BB5C9BD1E2B3B3E006EACA2 /* realTumblrFeed */ = {
			isa = PBXNativeTarget;
			buildConfigurationList = 4BB5C9D01E2B3B3E006EACA2 /* Build configuration list for PBXNativeTarget "realTumblrFeed" */;
			buildPhases = (
				D522D0E22FBE70B60A217650 /* [CP] Check Pods Manifest.lock */,
				4BB5C9BA1E2B3B3E006EACA2 /* Sources */,
				4BB5C9BB1E2B3B3E006EACA2 /* Frameworks */,
				4BB5C9BC1E2B3B3E006EACA2 /* Resources */,
				3374474DC1DB6BCB62C58FE4 /* [CP] Embed Pods Frameworks */,
				1B0C92AD7974BDB3133F8834 /* [CP] Copy Pods Resources */,
			);
			buildRules = (
			);
			dependencies = (
			);
			name = realTumblrFeed;
			productName = realTumblrFeed;
			productReference = 4BB5C9BE1E2B3B3E006EACA2 /* realTumblrFeed.app */;
			productType = "com.apple.product-type.application";
		};
/* End PBXNativeTarget section */

/* Begin PBXProject section */
		4BB5C9B61E2B3B3E006EACA2 /* Project object */ = {
			isa = PBXProject;
			attributes = {
				LastSwiftUpdateCheck = 0820;
				LastUpgradeCheck = 0820;
				ORGANIZATIONNAME = SDLtest;
				TargetAttributes = {
					4BB5C9BD1E2B3B3E006EACA2 = {
						CreatedOnToolsVersion = 8.2.1;
						ProvisioningStyle = Automatic;
					};
				};
			};
			buildConfigurationList = 4BB5C9B91E2B3B3E006EACA2 /* Build configuration list for PBXProject "realTumblrFeed" */;
			compatibilityVersion = "Xcode 3.2";
			developmentRegion = English;
			hasScannedForEncodings = 0;
			knownRegions = (
				en,
				Base,
			);
			mainGroup = 4BB5C9B51E2B3B3E006EACA2;
			productRefGroup = 4BB5C9BF1E2B3B3E006EACA2 /* Products */;
			projectDirPath = "";
			projectRoot = "";
			targets = (
				4BB5C9BD1E2B3B3E006EACA2 /* realTumblrFeed */,
			);
		};
/* End PBXProject section */

/* Begin PBXResourcesBuildPhase section */
		4BB5C9BC1E2B3B3E006EACA2 /* Resources */ = {
			isa = PBXResourcesBuildPhase;
			buildActionMask = 2147483647;
			files = (
				4BB5C9CC1E2B3B3E006EACA2 /* LaunchScreen.storyboard in Resources */,
				4BB5C9C91E2B3B3E006EACA2 /* Assets.xcassets in Resources */,
				4BB5C9C71E2B3B3E006EACA2 /* Main.storyboard in Resources */,
			);
			runOnlyForDeploymentPostprocessing = 0;
		};
/* End PBXResourcesBuildPhase section */

/* Begin PBXShellScriptBuildPhase section */
		1B0C92AD7974BDB3133F8834 /* [CP] Copy Pods Resources */ = {
			isa = PBXShellScriptBuildPhase;
			buildActionMask = 2147483647;
			files = (
			);
			inputPaths = (
			);
			name = "[CP] Copy Pods Resources";
			outputPaths = (
			);
			runOnlyForDeploymentPostprocessing = 0;
			shellPath = /bin/sh;
			shellScript = "\"${SRCROOT}/Pods/Target Support Files/Pods-realTumblrFeed/Pods-realTumblrFeed-resources.sh\"\n";
			showEnvVarsInLog = 0;
		};
		3374474DC1DB6BCB62C58FE4 /* [CP] Embed Pods Frameworks */ = {
			isa = PBXShellScriptBuildPhase;
			buildActionMask = 2147483647;
			files = (
			);
			inputPaths = (
			);
			name = "[CP] Embed Pods Frameworks";
			outputPaths = (
			);
			runOnlyForDeploymentPostprocessing = 0;
			shellPath = /bin/sh;
			shellScript = "\"${SRCROOT}/Pods/Target Support Files/Pods-realTumblrFeed/Pods-realTumblrFeed-frameworks.sh\"\n";
			showEnvVarsInLog = 0;
		};
		D522D0E22FBE70B60A217650 /* [CP] Check Pods Manifest.lock */ = {
			isa = PBXShellScriptBuildPhase;
			buildActionMask = 2147483647;
			files = (
			);
			inputPaths = (
			);
			name = "[CP] Check Pods Manifest.lock";
			outputPaths = (
			);
			runOnlyForDeploymentPostprocessing = 0;
			shellPath = /bin/sh;
			shellScript = "diff \"${PODS_ROOT}/../Podfile.lock\" \"${PODS_ROOT}/Manifest.lock\" > /dev/null\nif [ $? != 0 ] ; then\n    # print error to STDERR\n    echo \"error: The sandbox is not in sync with the Podfile.lock. Run 'pod install' or update your CocoaPods installation.\" >&2\n    exit 1\nfi\n";
			showEnvVarsInLog = 0;
		};
/* End PBXShellScriptBuildPhase section */

/* Begin PBXSourcesBuildPhase section */
		4BB5C9BA1E2B3B3E006EACA2 /* Sources */ = {
			isa = PBXSourcesBuildPhase;
			buildActionMask = 2147483647;
			files = (
				4B5D57801E31839E00704780 /* InfiniteScrollActivityView.swift in Sources */,
				4B01D3161E2E980100486E15 /* Date+offset.swift in Sources */,
				4B2585F71E2E9EFC006F4FAF /* PhotoDetailsViewController.swift in Sources */,
				4BB5C9C21E2B3B3E006EACA2 /* AppDelegate.swift in Sources */,
				4B75BEF51E2D9FBC00A689F1 /* PhotoCell.swift in Sources */,
				4B75BEF31E2D951000A689F1 /* PhotosViewController.swift in Sources */,
			);
			runOnlyForDeploymentPostprocessing = 0;
		};
/* End PBXSourcesBuildPhase section */

/* Begin PBXVariantGroup section */
		4BB5C9C51E2B3B3E006EACA2 /* Main.storyboard */ = {
			isa = PBXVariantGroup;
			children = (
				4BB5C9C61E2B3B3E006EACA2 /* Base */,
			);
			name = Main.storyboard;
			sourceTree = "<group>";
		};
		4BB5C9CA1E2B3B3E006EACA2 /* LaunchScreen.storyboard */ = {
			isa = PBXVariantGroup;
			children = (
				4BB5C9CB1E2B3B3E006EACA2 /* Base */,
			);
			name = LaunchScreen.storyboard;
			sourceTree = "<group>";
		};
/* End PBXVariantGroup section */

/* Begin XCBuildConfiguration section */
		4BB5C9CE1E2B3B3E006EACA2 /* Debug */ = {
			isa = XCBuildConfiguration;
			buildSettings = {
				ALWAYS_SEARCH_USER_PATHS = NO;
				CLANG_ANALYZER_NONNULL = YES;
				CLANG_CXX_LANGUAGE_STANDARD = "gnu++0x";
				CLANG_CXX_LIBRARY = "libc++";
				CLANG_ENABLE_MODULES = YES;
				CLANG_ENABLE_OBJC_ARC = YES;
				CLANG_WARN_BOOL_CONVERSION = YES;
				CLANG_WARN_CONSTANT_CONVERSION = YES;
				CLANG_WARN_DIRECT_OBJC_ISA_USAGE = YES_ERROR;
				CLANG_WARN_DOCUMENTATION_COMMENTS = YES;
				CLANG_WARN_EMPTY_BODY = YES;
				CLANG_WARN_ENUM_CONVERSION = YES;
				CLANG_WARN_INFINITE_RECURSION = YES;
				CLANG_WARN_INT_CONVERSION = YES;
				CLANG_WARN_OBJC_ROOT_CLASS = YES_ERROR;
				CLANG_WARN_SUSPICIOUS_MOVE = YES;
				CLANG_WARN_UNREACHABLE_CODE = YES;
				CLANG_WARN__DUPLICATE_METHOD_MATCH = YES;
				"CODE_SIGN_IDENTITY[sdk=iphoneos*]" = "iPhone Developer";
				COPY_PHASE_STRIP = NO;
				DEBUG_INFORMATION_FORMAT = dwarf;
				ENABLE_STRICT_OBJC_MSGSEND = YES;
				ENABLE_TESTABILITY = YES;
				GCC_C_LANGUAGE_STANDARD = gnu99;
				GCC_DYNAMIC_NO_PIC = NO;
				GCC_NO_COMMON_BLOCKS = YES;
				GCC_OPTIMIZATION_LEVEL = 0;
				GCC_PREPROCESSOR_DEFINITIONS = (
					"DEBUG=1",
					"$(inherited)",
				);
				GCC_WARN_64_TO_32_BIT_CONVERSION = YES;
				GCC_WARN_ABOUT_RETURN_TYPE = YES_ERROR;
				GCC_WARN_UNDECLARED_SELECTOR = YES;
				GCC_WARN_UNINITIALIZED_AUTOS = YES_AGGRESSIVE;
				GCC_WARN_UNUSED_FUNCTION = YES;
				GCC_WARN_UNUSED_VARIABLE = YES;
				IPHONEOS_DEPLOYMENT_TARGET = 10.2;
				MTL_ENABLE_DEBUG_INFO = YES;
				ONLY_ACTIVE_ARCH = YES;
				SDKROOT = iphoneos;
				SWIFT_ACTIVE_COMPILATION_CONDITIONS = DEBUG;
				SWIFT_OPTIMIZATION_LEVEL = "-Onone";
			};
			name = Debug;
		};
		4BB5C9CF1E2B3B3E006EACA2 /* Release */ = {
			isa = XCBuildConfiguration;
			buildSettings = {
				ALWAYS_SEARCH_USER_PATHS = NO;
				CLANG_ANALYZER_NONNULL = YES;
				CLANG_CXX_LANGUAGE_STANDARD = "gnu++0x";
				CLANG_CXX_LIBRARY = "libc++";
				CLANG_ENABLE_MODULES = YES;
				CLANG_ENABLE_OBJC_ARC = YES;
				CLANG_WARN_BOOL_CONVERSION = YES;
				CLANG_WARN_CONSTANT_CONVERSION = YES;
				CLANG_WARN_DIRECT_OBJC_ISA_USAGE = YES_ERROR;
				CLANG_WARN_DOCUMENTATION_COMMENTS = YES;
				CLANG_WARN_EMPTY_BODY = YES;
				CLANG_WARN_ENUM_CONVERSION = YES;
				CLANG_WARN_INFINITE_RECURSION = YES;
				CLANG_WARN_INT_CONVERSION = YES;
				CLANG_WARN_OBJC_ROOT_CLASS = YES_ERROR;
				CLANG_WARN_SUSPICIOUS_MOVE = YES;
				CLANG_WARN_UNREACHABLE_CODE = YES;
				CLANG_WARN__DUPLICATE_METHOD_MATCH = YES;
				"CODE_SIGN_IDENTITY[sdk=iphoneos*]" = "iPhone Developer";
				COPY_PHASE_STRIP = NO;
				DEBUG_INFORMATION_FORMAT = "dwarf-with-dsym";
				ENABLE_NS_ASSERTIONS = NO;
				ENABLE_STRICT_OBJC_MSGSEND = YES;
				GCC_C_LANGUAGE_STANDARD = gnu99;
				GCC_NO_COMMON_BLOCKS = YES;
				GCC_WARN_64_TO_32_BIT_CONVERSION = YES;
				GCC_WARN_ABOUT_RETURN_TYPE = YES_ERROR;
				GCC_WARN_UNDECLARED_SELECTOR = YES;
				GCC_WARN_UNINITIALIZED_AUTOS = YES_AGGRESSIVE;
				GCC_WARN_UNUSED_FUNCTION = YES;
				GCC_WARN_UNUSED_VARIABLE = YES;
				IPHONEOS_DEPLOYMENT_TARGET = 10.2;
				MTL_ENABLE_DEBUG_INFO = NO;
				SDKROOT = iphoneos;
				SWIFT_OPTIMIZATION_LEVEL = "-Owholemodule";
				VALIDATE_PRODUCT = YES;
			};
			name = Release;
		};
		4BB5C9D11E2B3B3E006EACA2 /* Debug */ = {
			isa = XCBuildConfiguration;
			baseConfigurationReference = E6F34C8CB7AB642325C21505 /* Pods-realTumblrFeed.debug.xcconfig */;
			buildSettings = {
				ASSETCATALOG_COMPILER_APPICON_NAME = AppIcon;
				INFOPLIST_FILE = realTumblrFeed/Info.plist;
				LD_RUNPATH_SEARCH_PATHS = "$(inherited) @executable_path/Frameworks";
				PRODUCT_BUNDLE_IDENTIFIER = SDLtest.realTumblrFeed;
				PRODUCT_NAME = "$(TARGET_NAME)";
				SWIFT_VERSION = 3.0;
			};
			name = Debug;
		};
		4BB5C9D21E2B3B3E006EACA2 /* Release */ = {
			isa = XCBuildConfiguration;
			baseConfigurationReference = 16CB392FCA91D3B0135B761F /* Pods-realTumblrFeed.release.xcconfig */;
			buildSettings = {
				ASSETCATALOG_COMPILER_APPICON_NAME = AppIcon;
				INFOPLIST_FILE = realTumblrFeed/Info.plist;
				LD_RUNPATH_SEARCH_PATHS = "$(inherited) @executable_path/Frameworks";
				PRODUCT_BUNDLE_IDENTIFIER = SDLtest.realTumblrFeed;
				PRODUCT_NAME = "$(TARGET_NAME)";
				SWIFT_VERSION = 3.0;
			};
			name = Release;
		};
/* End XCBuildConfiguration section */

/* Begin XCConfigurationList section */
		4BB5C9B91E2B3B3E006EACA2 /* Build configuration list for PBXProject "realTumblrFeed" */ = {
			isa = XCConfigurationList;
			buildConfigurations = (
				4BB5C9CE1E2B3B3E006EACA2 /* Debug */,
				4BB5C9CF1E2B3B3E006EACA2 /* Release */,
			);
			defaultConfigurationIsVisible = 0;
			defaultConfigurationName = Release;
		};
		4BB5C9D01E2B3B3E006EACA2 /* Build configuration list for PBXNativeTarget "realTumblrFeed" */ = {
			isa = XCConfigurationList;
			buildConfigurations = (
				4BB5C9D11E2B3B3E006EACA2 /* Debug */,
				4BB5C9D21E2B3B3E006EACA2 /* Release */,
			);
			defaultConfigurationIsVisible = 0;
			defaultConfigurationName = Release;
		};
/* End XCConfigurationList section */
	};
	rootObject = 4BB5C9B61E2B3B3E006EACA2 /* Project object */;
}
